
Microsoft Visual Studio Solution File, Format Version 12.00
# Visual Studio Express 2013 for Windows Desktop
VisualStudioVersion = 12.0.30501.0
MinimumVisualStudioVersion = 10.0.40219.1
Project("{FAE04EC0-301F-11D3-BF4B-00C04F79EFBC}") = "Ferric", "Ferric\Ferric.csproj", "{A850AB58-FE00-4CD5-A834-7379E89AB0FB}"
	ProjectSection(ProjectDependencies) = postProject
		{E1A05C02-6C09-45EB-90FF-1416819201E5} = {E1A05C02-6C09-45EB-90FF-1416819201E5}
		{29430E95-0EA0-4859-A864-A93F00A73900} = {29430E95-0EA0-4859-A864-A93F00A73900}
		{8B2269BB-541E-4D30-9101-FFA175C119D0} = {8B2269BB-541E-4D30-9101-FFA175C119D0}
		{7C36B0C0-BDB7-4A0E-A4F6-3075EC6E3DB9} = {7C36B0C0-BDB7-4A0E-A4F6-3075EC6E3DB9}
		{622DF0D6-5A3E-47D3-877A-DCA7DFCD6490} = {622DF0D6-5A3E-47D3-877A-DCA7DFCD6490}
		{42521DDD-9E6B-458F-87CF-DF5A292BC17D} = {42521DDD-9E6B-458F-87CF-DF5A292BC17D}
	EndProjectSection
EndProject
Project("{FAE04EC0-301F-11D3-BF4B-00C04F79EFBC}") = "Utils.Regexp", "Utils\Regexp\Utils.Regexp.csproj", "{8B2269BB-541E-4D30-9101-FFA175C119D0}"
EndProject
Project("{FAE04EC0-301F-11D3-BF4B-00C04F79EFBC}") = "Utils.Regexp.Tests", "Utils\Regexp.Tests\Utils.Regexp.Tests.csproj", "{C68AE101-9768-4129-A655-FA55C89EDE0D}"
EndProject
Project("{FAE04EC0-301F-11D3-BF4B-00C04F79EFBC}") = "Text.Common", "Text\Common\Text.Common.csproj", "{42521DDD-9E6B-458F-87CF-DF5A292BC17D}"
EndProject
Project("{FAE04EC0-301F-11D3-BF4B-00C04F79EFBC}") = "Lang.English", "Lang\English\Lang.English.csproj", "{29430E95-0EA0-4859-A864-A93F00A73900}"
EndProject
Project("{FAE04EC0-301F-11D3-BF4B-00C04F79EFBC}") = "Lang.English.Tests", "Lang\English.Tests\Lang.English.Tests.csproj", "{C7BFF387-EC7F-45AB-9BD7-DB598B8AA4DD}"
EndProject
Project("{FAE04EC0-301F-11D3-BF4B-00C04F79EFBC}") = "Math.MachineLearning", "Math\MachineLearning\Math.MachineLearning.csproj", "{622DF0D6-5A3E-47D3-877A-DCA7DFCD6490}"
	ProjectSection(ProjectDependencies) = postProject
		{E1A05C02-6C09-45EB-90FF-1416819201E5} = {E1A05C02-6C09-45EB-90FF-1416819201E5}
	EndProjectSection
EndProject
Project("{FAE04EC0-301F-11D3-BF4B-00C04F79EFBC}") = "Math.Common", "Math\Common\Math.Common.csproj", "{E1A05C02-6C09-45EB-90FF-1416819201E5}"
EndProject
Project("{FAE04EC0-301F-11D3-BF4B-00C04F79EFBC}") = "Math.Common.Tests", "Math\Common.Tests\Math.Common.Tests.csproj", "{5D76DAD3-5D36-4BCF-845D-517E55E64E82}"
EndProject
Project("{FAE04EC0-301F-11D3-BF4B-00C04F79EFBC}") = "Math.MachineLearning.Tests", "Math\MachineLearning.Tests\Math.MachineLearning.Tests.csproj", "{5B0F32EE-9FE1-4694-93CC-15611493D661}"
EndProject
Project("{FAE04EC0-301F-11D3-BF4B-00C04F79EFBC}") = "Text.Common.Tests", "Text\Common.Tests\Text.Common.Tests.csproj", "{7079B911-C6AD-48CF-9552-8F3975555D28}"
EndProject
Project("{FAE04EC0-301F-11D3-BF4B-00C04F79EFBC}") = "Config", "Config\Config.csproj", "{7C36B0C0-BDB7-4A0E-A4F6-3075EC6E3DB9}"
EndProject
Project("{FAE04EC0-301F-11D3-BF4B-00C04F79EFBC}") = "Ferric.Tests", "Ferric.Tests\Ferric.Tests.csproj", "{3CF4A18E-49D6-4784-8428-7B4A5B1DB5F0}"
EndProject
Project("{FAE04EC0-301F-11D3-BF4B-00C04F79EFBC}") = "Text.WordNet.Tests", "Text\WordNet.Tests\Text.WordNet.Tests.csproj", "{A71EC538-99DF-4233-9683-A7141ECB1DC8}"
EndProject
Project("{FAE04EC0-301F-11D3-BF4B-00C04F79EFBC}") = "Text.WordNet", "Text\WordNet\Text.WordNet.csproj", "{7FC9B042-F38C-4D52-95B3-D8E42B58E7C7}"
EndProject
Project("{FAE04EC0-301F-11D3-BF4B-00C04F79EFBC}") = "Text.WordNet.Builder", "Text\WordNet.Builder\Text.WordNet.Builder.csproj", "{B60B29F4-531D-4D8B-AAA0-FF141185A85A}"
EndProject
Project("{2150E333-8FDC-42A3-9474-1A3956D46DE8}") = "Samples", "Samples", "{A5405CF4-DDEB-473B-93B7-BB840F910317}"
	ProjectSection(SolutionItems) = preProject
		..\..\data\english\samples\dtm.config = ..\..\data\english\samples\dtm.config
		..\..\data\english\samples\naivebayes_multinomial_test.config = ..\..\data\english\samples\naivebayes_multinomial_test.config
		..\..\data\english\samples\naivebayes_multinomial_train.config = ..\..\data\english\samples\naivebayes_multinomial_train.config
		..\..\data\english\samples\tokenize.config = ..\..\data\english\samples\tokenize.config
		..\..\data\english\samples\wndtm.config = ..\..\data\english\samples\wndtm.config
	EndProjectSection
EndProject
Project("{FAE04EC0-301F-11D3-BF4B-00C04F79EFBC}") = "Text.Classifiers", "Text\Classifiers\Text.Classifiers.csproj", "{3357D17D-82B7-4C15-AD9A-3B2711908D3A}"
EndProject
Project("{FAE04EC0-301F-11D3-BF4B-00C04F79EFBC}") = "Text.Classifiers.Tests", "Text\Classifiers.Tests\Text.Classifiers.Tests.csproj", "{E264CF5D-95D2-4216-8BC4-FF1ECF927EEB}"
EndProject
Project("{FAE04EC0-301F-11D3-BF4B-00C04F79EFBC}") = "Utils.Common", "Utils\Common\Utils.Common.csproj", "{528C5D62-D785-43FF-8735-06F957CFE4D5}"
EndProject
Global
	GlobalSection(SolutionConfigurationPlatforms) = preSolution
		Debug|Any CPU = Debug|Any CPU
		Release|Any CPU = Release|Any CPU
	EndGlobalSection
	GlobalSection(ProjectConfigurationPlatforms) = postSolution
		{A850AB58-FE00-4CD5-A834-7379E89AB0FB}.Debug|Any CPU.ActiveCfg = Debug|Any CPU
		{A850AB58-FE00-4CD5-A834-7379E89AB0FB}.Debug|Any CPU.Build.0 = Debug|Any CPU
		{A850AB58-FE00-4CD5-A834-7379E89AB0FB}.Release|Any CPU.ActiveCfg = Release|Any CPU
		{A850AB58-FE00-4CD5-A834-7379E89AB0FB}.Release|Any CPU.Build.0 = Release|Any CPU
		{8B2269BB-541E-4D30-9101-FFA175C119D0}.Debug|Any CPU.ActiveCfg = Debug|Any CPU
		{8B2269BB-541E-4D30-9101-FFA175C119D0}.Debug|Any CPU.Build.0 = Debug|Any CPU
		{8B2269BB-541E-4D30-9101-FFA175C119D0}.Release|Any CPU.ActiveCfg = Release|Any CPU
		{8B2269BB-541E-4D30-9101-FFA175C119D0}.Release|Any CPU.Build.0 = Release|Any CPU
		{C68AE101-9768-4129-A655-FA55C89EDE0D}.Debug|Any CPU.ActiveCfg = Debug|Any CPU
		{C68AE101-9768-4129-A655-FA55C89EDE0D}.Debug|Any CPU.Build.0 = Debug|Any CPU
		{C68AE101-9768-4129-A655-FA55C89EDE0D}.Release|Any CPU.ActiveCfg = Release|Any CPU
		{C68AE101-9768-4129-A655-FA55C89EDE0D}.Release|Any CPU.Build.0 = Release|Any CPU
		{42521DDD-9E6B-458F-87CF-DF5A292BC17D}.Debug|Any CPU.ActiveCfg = Debug|Any CPU
		{42521DDD-9E6B-458F-87CF-DF5A292BC17D}.Debug|Any CPU.Build.0 = Debug|Any CPU
		{42521DDD-9E6B-458F-87CF-DF5A292BC17D}.Release|Any CPU.ActiveCfg = Release|Any CPU
		{42521DDD-9E6B-458F-87CF-DF5A292BC17D}.Release|Any CPU.Build.0 = Release|Any CPU
		{29430E95-0EA0-4859-A864-A93F00A73900}.Debug|Any CPU.ActiveCfg = Debug|Any CPU
		{29430E95-0EA0-4859-A864-A93F00A73900}.Debug|Any CPU.Build.0 = Debug|Any CPU
		{29430E95-0EA0-4859-A864-A93F00A73900}.Release|Any CPU.ActiveCfg = Release|Any CPU
		{29430E95-0EA0-4859-A864-A93F00A73900}.Release|Any CPU.Build.0 = Release|Any CPU
		{C7BFF387-EC7F-45AB-9BD7-DB598B8AA4DD}.Debug|Any CPU.ActiveCfg = Debug|Any CPU
		{C7BFF387-EC7F-45AB-9BD7-DB598B8AA4DD}.Debug|Any CPU.Build.0 = Debug|Any CPU
		{C7BFF387-EC7F-45AB-9BD7-DB598B8AA4DD}.Release|Any CPU.ActiveCfg = Release|Any CPU
		{C7BFF387-EC7F-45AB-9BD7-DB598B8AA4DD}.Release|Any CPU.Build.0 = Release|Any CPU
		{622DF0D6-5A3E-47D3-877A-DCA7DFCD6490}.Debug|Any CPU.ActiveCfg = Debug|Any CPU
		{622DF0D6-5A3E-47D3-877A-DCA7DFCD6490}.Debug|Any CPU.Build.0 = Debug|Any CPU
		{622DF0D6-5A3E-47D3-877A-DCA7DFCD6490}.Release|Any CPU.ActiveCfg = Release|Any CPU
		{622DF0D6-5A3E-47D3-877A-DCA7DFCD6490}.Release|Any CPU.Build.0 = Release|Any CPU
		{E1A05C02-6C09-45EB-90FF-1416819201E5}.Debug|Any CPU.ActiveCfg = Debug|Any CPU
		{E1A05C02-6C09-45EB-90FF-1416819201E5}.Debug|Any CPU.Build.0 = Debug|Any CPU
		{E1A05C02-6C09-45EB-90FF-1416819201E5}.Release|Any CPU.ActiveCfg = Release|Any CPU
		{E1A05C02-6C09-45EB-90FF-1416819201E5}.Release|Any CPU.Build.0 = Release|Any CPU
		{5D76DAD3-5D36-4BCF-845D-517E55E64E82}.Debug|Any CPU.ActiveCfg = Debug|Any CPU
		{5D76DAD3-5D36-4BCF-845D-517E55E64E82}.Debug|Any CPU.Build.0 = Debug|Any CPU
		{5D76DAD3-5D36-4BCF-845D-517E55E64E82}.Release|Any CPU.ActiveCfg = Release|Any CPU
		{5D76DAD3-5D36-4BCF-845D-517E55E64E82}.Release|Any CPU.Build.0 = Release|Any CPU
		{5B0F32EE-9FE1-4694-93CC-15611493D661}.Debug|Any CPU.ActiveCfg = Debug|Any CPU
		{5B0F32EE-9FE1-4694-93CC-15611493D661}.Debug|Any CPU.Build.0 = Debug|Any CPU
		{5B0F32EE-9FE1-4694-93CC-15611493D661}.Release|Any CPU.ActiveCfg = Release|Any CPU
		{5B0F32EE-9FE1-4694-93CC-15611493D661}.Release|Any CPU.Build.0 = Release|Any CPU
		{7079B911-C6AD-48CF-9552-8F3975555D28}.Debug|Any CPU.ActiveCfg = Debug|Any CPU
		{7079B911-C6AD-48CF-9552-8F3975555D28}.Debug|Any CPU.Build.0 = Debug|Any CPU
		{7079B911-C6AD-48CF-9552-8F3975555D28}.Release|Any CPU.ActiveCfg = Release|Any CPU
		{7079B911-C6AD-48CF-9552-8F3975555D28}.Release|Any CPU.Build.0 = Release|Any CPU
		{7C36B0C0-BDB7-4A0E-A4F6-3075EC6E3DB9}.Debug|Any CPU.ActiveCfg = Debug|Any CPU
		{7C36B0C0-BDB7-4A0E-A4F6-3075EC6E3DB9}.Debug|Any CPU.Build.0 = Debug|Any CPU
		{7C36B0C0-BDB7-4A0E-A4F6-3075EC6E3DB9}.Release|Any CPU.ActiveCfg = Release|Any CPU
		{7C36B0C0-BDB7-4A0E-A4F6-3075EC6E3DB9}.Release|Any CPU.Build.0 = Release|Any CPU
		{3CF4A18E-49D6-4784-8428-7B4A5B1DB5F0}.Debug|Any CPU.ActiveCfg = Debug|Any CPU
		{3CF4A18E-49D6-4784-8428-7B4A5B1DB5F0}.Debug|Any CPU.Build.0 = Debug|Any CPU
		{3CF4A18E-49D6-4784-8428-7B4A5B1DB5F0}.Release|Any CPU.ActiveCfg = Release|Any CPU
		{3CF4A18E-49D6-4784-8428-7B4A5B1DB5F0}.Release|Any CPU.Build.0 = Release|Any CPU
		{A71EC538-99DF-4233-9683-A7141ECB1DC8}.Debug|Any CPU.ActiveCfg = Debug|Any CPU
		{A71EC538-99DF-4233-9683-A7141ECB1DC8}.Debug|Any CPU.Build.0 = Debug|Any CPU
		{A71EC538-99DF-4233-9683-A7141ECB1DC8}.Release|Any CPU.ActiveCfg = Release|Any CPU
		{A71EC538-99DF-4233-9683-A7141ECB1DC8}.Release|Any CPU.Build.0 = Release|Any CPU
		{7FC9B042-F38C-4D52-95B3-D8E42B58E7C7}.Debug|Any CPU.ActiveCfg = Debug|Any CPU
		{7FC9B042-F38C-4D52-95B3-D8E42B58E7C7}.Debug|Any CPU.Build.0 = Debug|Any CPU
		{7FC9B042-F38C-4D52-95B3-D8E42B58E7C7}.Release|Any CPU.ActiveCfg = Release|Any CPU
		{7FC9B042-F38C-4D52-95B3-D8E42B58E7C7}.Release|Any CPU.Build.0 = Release|Any CPU
		{B60B29F4-531D-4D8B-AAA0-FF141185A85A}.Debug|Any CPU.ActiveCfg = Debug|Any CPU
		{B60B29F4-531D-4D8B-AAA0-FF141185A85A}.Debug|Any CPU.Build.0 = Debug|Any CPU
		{B60B29F4-531D-4D8B-AAA0-FF141185A85A}.Release|Any CPU.ActiveCfg = Release|Any CPU
		{B60B29F4-531D-4D8B-AAA0-FF141185A85A}.Release|Any CPU.Build.0 = Release|Any CPU
		{3357D17D-82B7-4C15-AD9A-3B2711908D3A}.Debug|Any CPU.ActiveCfg = Debug|Any CPU
		{3357D17D-82B7-4C15-AD9A-3B2711908D3A}.Debug|Any CPU.Build.0 = Debug|Any CPU
		{3357D17D-82B7-4C15-AD9A-3B2711908D3A}.Release|Any CPU.ActiveCfg = Release|Any CPU
		{3357D17D-82B7-4C15-AD9A-3B2711908D3A}.Release|Any CPU.Build.0 = Release|Any CPU
		{E264CF5D-95D2-4216-8BC4-FF1ECF927EEB}.Debug|Any CPU.ActiveCfg = Debug|Any CPU
		{E264CF5D-95D2-4216-8BC4-FF1ECF927EEB}.Debug|Any CPU.Build.0 = Debug|Any CPU
		{E264CF5D-95D2-4216-8BC4-FF1ECF927EEB}.Release|Any CPU.ActiveCfg = Release|Any CPU
		{E264CF5D-95D2-4216-8BC4-FF1ECF927EEB}.Release|Any CPU.Build.0 = Release|Any CPU
		{528C5D62-D785-43FF-8735-06F957CFE4D5}.Debug|Any CPU.ActiveCfg = Debug|Any CPU
		{528C5D62-D785-43FF-8735-06F957CFE4D5}.Debug|Any CPU.Build.0 = Debug|Any CPU
		{528C5D62-D785-43FF-8735-06F957CFE4D5}.Release|Any CPU.ActiveCfg = Release|Any CPU
		{528C5D62-D785-43FF-8735-06F957CFE4D5}.Release|Any CPU.Build.0 = Release|Any CPU
	EndGlobalSection
	GlobalSection(SolutionProperties) = preSolution
		HideSolutionNode = FALSE
	EndGlobalSection
EndGlobal
